
Microsoft Visual Studio Solution File, Format Version 12.00
# Visual Studio Version 17
VisualStudioVersion = 17.10.35013.160
MinimumVisualStudioVersion = 10.0.40219.1
Project("{9A19103F-16F7-4668-BE54-9A1E7A4F7556}") = "Asset Managment System - backend", "Asset Managment System - backend\Asset Managment System - backend.csproj", "{86A91455-FB5F-43D6-8139-EEAFDE707895}"
EndProject
Project("{9A19103F-16F7-4668-BE54-9A1E7A4F7556}") = "AssetSystem.Domain", "AssetSystem.Domain\AssetSystem.Domain.csproj", "{273DDE11-FC57-4363-8656-309ACFED72E8}"
EndProject
Project("{9A19103F-16F7-4668-BE54-9A1E7A4F7556}") = "AssetSystem.Infrastructure", "AssetSystem.Infrastructure\AssetSystem.Infrastructure.csproj", "{CA1176E0-0894-470F-BAB1-9A52896D6083}"
EndProject
Project("{9A19103F-16F7-4668-BE54-9A1E7A4F7556}") = "AssetSystem.Application", "AssetSystem.Application\AssetSystem.Application.csproj", "{A0859E61-7970-4BD0-B554-B52403CB559D}"
EndProject
Project("{FAE04EC0-301F-11D3-BF4B-00C04F79EFBC}") = "AssetSystem.Common", "AssetSystem.Common\AssetSystem.Common.csproj", "{0F7E2278-01D0-4867-B44C-8CECAD9A2F58}"
EndProject
Global
	GlobalSection(SolutionConfigurationPlatforms) = preSolution
		Debug|Any CPU = Debug|Any CPU
		Release|Any CPU = Release|Any CPU
	EndGlobalSection
	GlobalSection(ProjectConfigurationPlatforms) = postSolution
		{86A91455-FB5F-43D6-8139-EEAFDE707895}.Debug|Any CPU.ActiveCfg = Debug|Any CPU
		{86A91455-FB5F-43D6-8139-EEAFDE707895}.Debug|Any CPU.Build.0 = Debug|Any CPU
		{86A91455-FB5F-43D6-8139-EEAFDE707895}.Release|Any CPU.ActiveCfg = Release|Any CPU
		{86A91455-FB5F-43D6-8139-EEAFDE707895}.Release|Any CPU.Build.0 = Release|Any CPU
		{273DDE11-FC57-4363-8656-309ACFED72E8}.Debug|Any CPU.ActiveCfg = Debug|Any CPU
		{273DDE11-FC57-4363-8656-309ACFED72E8}.Debug|Any CPU.Build.0 = Debug|Any CPU
		{273DDE11-FC57-4363-8656-309ACFED72E8}.Release|Any CPU.ActiveCfg = Release|Any CPU
		{273DDE11-FC57-4363-8656-309ACFED72E8}.Release|Any CPU.Build.0 = Release|Any CPU
		{CA1176E0-0894-470F-BAB1-9A52896D6083}.Debug|Any CPU.ActiveCfg = Debug|Any CPU
		{CA1176E0-0894-470F-BAB1-9A52896D6083}.Debug|Any CPU.Build.0 = Debug|Any CPU
		{CA1176E0-0894-470F-BAB1-9A52896D6083}.Release|Any CPU.ActiveCfg = Release|Any CPU
		{CA1176E0-0894-470F-BAB1-9A52896D6083}.Release|Any CPU.Build.0 = Release|Any CPU
		{A0859E61-7970-4BD0-B554-B52403CB559D}.Debug|Any CPU.ActiveCfg = Debug|Any CPU
		{A0859E61-7970-4BD0-B554-B52403CB559D}.Debug|Any CPU.Build.0 = Debug|Any CPU
		{A0859E61-7970-4BD0-B554-B52403CB559D}.Release|Any CPU.ActiveCfg = Release|Any CPU
		{A0859E61-7970-4BD0-B554-B52403CB559D}.Release|Any CPU.Build.0 = Release|Any CPU
		{0F7E2278-01D0-4867-B44C-8CECAD9A2F58}.Debug|Any CPU.ActiveCfg = Debug|Any CPU
		{0F7E2278-01D0-4867-B44C-8CECAD9A2F58}.Debug|Any CPU.Build.0 = Debug|Any CPU
		{0F7E2278-01D0-4867-B44C-8CECAD9A2F58}.Release|Any CPU.ActiveCfg = Release|Any CPU
		{0F7E2278-01D0-4867-B44C-8CECAD9A2F58}.Release|Any CPU.Build.0 = Release|Any CPU
	EndGlobalSection
	GlobalSection(SolutionProperties) = preSolution
		HideSolutionNode = FALSE
	EndGlobalSection
	GlobalSection(ExtensibilityGlobals) = postSolution
		SolutionGuid = {6943BE10-E9E0-4057-91D8-A587FE763E86}
	EndGlobalSection
EndGlobal
